// !$*UTF8*$!
{
	archiveVersion = 1;
	classes = {
	};
	objectVersion = 46;
	objects = {

/* Begin PBXBuildFile section */
		7F13C4761F582798002F2ADA /* main.m in Sources */ = {isa = PBXBuildFile; fileRef = 7F13C4751F582798002F2ADA /* main.m */; };
		7F13C4791F582798002F2ADA /* AppDelegate.m in Sources */ = {isa = PBXBuildFile; fileRef = 7F13C4781F582798002F2ADA /* AppDelegate.m */; };
		7F13C47C1F582798002F2ADA /* ViewController.m in Sources */ = {isa = PBXBuildFile; fileRef = 7F13C47B1F582798002F2ADA /* ViewController.m */; };
		7F13C47F1F582798002F2ADA /* Main.storyboard in Resources */ = {isa = PBXBuildFile; fileRef = 7F13C47D1F582798002F2ADA /* Main.storyboard */; };
		7F13C4811F582798002F2ADA /* Assets.xcassets in Resources */ = {isa = PBXBuildFile; fileRef = 7F13C4801F582798002F2ADA /* Assets.xcassets */; };
		7F13C4841F582798002F2ADA /* LaunchScreen.storyboard in Resources */ = {isa = PBXBuildFile; fileRef = 7F13C4821F582798002F2ADA /* LaunchScreen.storyboard */; };
		7F13C4931F5827AC002F2ADA /* main.m in Sources */ = {isa = PBXBuildFile; fileRef = 7F13C4921F5827AC002F2ADA /* main.m */; };
		7F13C4961F5827AC002F2ADA /* AppDelegate.m in Sources */ = {isa = PBXBuildFile; fileRef = 7F13C4951F5827AC002F2ADA /* AppDelegate.m */; };
		7F13C4991F5827AC002F2ADA /* ViewController.m in Sources */ = {isa = PBXBuildFile; fileRef = 7F13C4981F5827AC002F2ADA /* ViewController.m */; };
		7F13C49C1F5827AC002F2ADA /* Main.storyboard in Resources */ = {isa = PBXBuildFile; fileRef = 7F13C49A1F5827AC002F2ADA /* Main.storyboard */; };
		7F13C49E1F5827AC002F2ADA /* Assets.xcassets in Resources */ = {isa = PBXBuildFile; fileRef = 7F13C49D1F5827AC002F2ADA /* Assets.xcassets */; };
		7F13C4A11F5827AC002F2ADA /* LaunchScreen.storyboard in Resources */ = {isa = PBXBuildFile; fileRef = 7F13C49F1F5827AC002F2ADA /* LaunchScreen.storyboard */; };
		7F13C4AA1F5827E3002F2ADA /* BulletManager.m in Sources */ = {isa = PBXBuildFile; fileRef = 7F13C4A71F5827E3002F2ADA /* BulletManager.m */; };
		7F13C4AB1F5827E3002F2ADA /* BulletView.m in Sources */ = {isa = PBXBuildFile; fileRef = 7F13C4A91F5827E3002F2ADA /* BulletView.m */; };
/* End PBXBuildFile section */

/* Begin PBXFileReference section */
		7F13C4711F582798002F2ADA /* ObjcCode.app */ = {isa = PBXFileReference; explicitFileType = wrapper.application; includeInIndex = 0; path = ObjcCode.app; sourceTree = BUILT_PRODUCTS_DIR; };
		7F13C4751F582798002F2ADA /* main.m */ = {isa = PBXFileReference; lastKnownFileType = sourcecode.c.objc; path = main.m; sourceTree = "<group>"; };
		7F13C4771F582798002F2ADA /* AppDelegate.h */ = {isa = PBXFileReference; lastKnownFileType = sourcecode.c.h; path = AppDelegate.h; sourceTree = "<group>"; };
		7F13C4781F582798002F2ADA /* AppDelegate.m */ = {isa = PBXFileReference; lastKnownFileType = sourcecode.c.objc; path = AppDelegate.m; sourceTree = "<group>"; };
		7F13C47A1F582798002F2ADA /* ViewController.h */ = {isa = PBXFileReference; lastKnownFileType = sourcecode.c.h; path = ViewController.h; sourceTree = "<group>"; };
		7F13C47B1F582798002F2ADA /* ViewController.m */ = {isa = PBXFileReference; lastKnownFileType = sourcecode.c.objc; path = ViewController.m; sourceTree = "<group>"; };
		7F13C47E1F582798002F2ADA /* Base */ = {isa = PBXFileReference; lastKnownFileType = file.storyboard; name = Base; path = Base.lproj/Main.storyboard; sourceTree = "<group>"; };
		7F13C4801F582798002F2ADA /* Assets.xcassets */ = {isa = PBXFileReference; lastKnownFileType = folder.assetcatalog; path = Assets.xcassets; sourceTree = "<group>"; };
		7F13C4831F582798002F2ADA /* Base */ = {isa = PBXFileReference; lastKnownFileType = file.storyboard; name = Base; path = Base.lproj/LaunchScreen.storyboard; sourceTree = "<group>"; };
		7F13C4851F582798002F2ADA /* Info.plist */ = {isa = PBXFileReference; lastKnownFileType = text.plist.xml; path = Info.plist; sourceTree = "<group>"; };
		7F13C48F1F5827AC002F2ADA /* CommentDemo.app */ = {isa = PBXFileReference; explicitFileType = wrapper.application; includeInIndex = 0; path = CommentDemo.app; sourceTree = BUILT_PRODUCTS_DIR; };
		7F13C4921F5827AC002F2ADA /* main.m */ = {isa = PBXFileReference; lastKnownFileType = sourcecode.c.objc; path = main.m; sourceTree = "<group>"; };
		7F13C4941F5827AC002F2ADA /* AppDelegate.h */ = {isa = PBXFileReference; lastKnownFileType = sourcecode.c.h; path = AppDelegate.h; sourceTree = "<group>"; };
		7F13C4951F5827AC002F2ADA /* AppDelegate.m */ = {isa = PBXFileReference; lastKnownFileType = sourcecode.c.objc; path = AppDelegate.m; sourceTree = "<group>"; };
		7F13C4971F5827AC002F2ADA /* ViewController.h */ = {isa = PBXFileReference; lastKnownFileType = sourcecode.c.h; path = ViewController.h; sourceTree = "<group>"; };
		7F13C4981F5827AC002F2ADA /* ViewController.m */ = {isa = PBXFileReference; lastKnownFileType = sourcecode.c.objc; path = ViewController.m; sourceTree = "<group>"; };
		7F13C49B1F5827AC002F2ADA /* Base */ = {isa = PBXFileReference; lastKnownFileType = file.storyboard; name = Base; path = Base.lproj/Main.storyboard; sourceTree = "<group>"; };
		7F13C49D1F5827AC002F2ADA /* Assets.xcassets */ = {isa = PBXFileReference; lastKnownFileType = folder.assetcatalog; path = Assets.xcassets; sourceTree = "<group>"; };
		7F13C4A01F5827AC002F2ADA /* Base */ = {isa = PBXFileReference; lastKnownFileType = file.storyboard; name = Base; path = Base.lproj/LaunchScreen.storyboard; sourceTree = "<group>"; };
		7F13C4A21F5827AC002F2ADA /* Info.plist */ = {isa = PBXFileReference; lastKnownFileType = text.plist.xml; path = Info.plist; sourceTree = "<group>"; };
		7F13C4A61F5827E3002F2ADA /* BulletManager.h */ = {isa = PBXFileReference; fileEncoding = 4; lastKnownFileType = sourcecode.c.h; path = BulletManager.h; sourceTree = "<group>"; };
		7F13C4A71F5827E3002F2ADA /* BulletManager.m */ = {isa = PBXFileReference; fileEncoding = 4; lastKnownFileType = sourcecode.c.objc; path = BulletManager.m; sourceTree = "<group>"; };
		7F13C4A81F5827E3002F2ADA /* BulletView.h */ = {isa = PBXFileReference; fileEncoding = 4; lastKnownFileType = sourcecode.c.h; path = BulletView.h; sourceTree = "<group>"; };
		7F13C4A91F5827E3002F2ADA /* BulletView.m */ = {isa = PBXFileReference; fileEncoding = 4; lastKnownFileType = sourcecode.c.objc; path = BulletView.m; sourceTree = "<group>"; };
/* End PBXFileReference section */

/* Begin PBXFrameworksBuildPhase section */
		7F13C46E1F582798002F2ADA /* Frameworks */ = {
			isa = PBXFrameworksBuildPhase;
			buildActionMask = 2147483647;
			files = (
			);
			runOnlyForDeploymentPostprocessing = 0;
		};
		7F13C48C1F5827AC002F2ADA /* Frameworks */ = {
			isa = PBXFrameworksBuildPhase;
			buildActionMask = 2147483647;
			files = (
			);
			runOnlyForDeploymentPostprocessing = 0;
		};
/* End PBXFrameworksBuildPhase section */

/* Begin PBXGroup section */
		7F13C4681F582798002F2ADA = {
			isa = PBXGroup;
			children = (
				7F13C4731F582798002F2ADA /* ObjcCode */,
				7F13C4901F5827AC002F2ADA /* CommentDemo */,
				7F13C4721F582798002F2ADA /* Products */,
			);
			sourceTree = "<group>";
		};
		7F13C4721F582798002F2ADA /* Products */ = {
			isa = PBXGroup;
			children = (
				7F13C4711F582798002F2ADA /* ObjcCode.app */,
				7F13C48F1F5827AC002F2ADA /* CommentDemo.app */,
			);
			name = Products;
			sourceTree = "<group>";
		};
		7F13C4731F582798002F2ADA /* ObjcCode */ = {
			isa = PBXGroup;
			children = (
				7F13C4771F582798002F2ADA /* AppDelegate.h */,
				7F13C4781F582798002F2ADA /* AppDelegate.m */,
				7F13C47A1F582798002F2ADA /* ViewController.h */,
				7F13C47B1F582798002F2ADA /* ViewController.m */,
				7F13C47D1F582798002F2ADA /* Main.storyboard */,
				7F13C4801F582798002F2ADA /* Assets.xcassets */,
				7F13C4821F582798002F2ADA /* LaunchScreen.storyboard */,
				7F13C4851F582798002F2ADA /* Info.plist */,
				7F13C4741F582798002F2ADA /* Supporting Files */,
			);
			path = ObjcCode;
			sourceTree = "<group>";
		};
		7F13C4741F582798002F2ADA /* Supporting Files */ = {
			isa = PBXGroup;
			children = (
				7F13C4751F582798002F2ADA /* main.m */,
			);
			name = "Supporting Files";
			sourceTree = "<group>";
		};
		7F13C4901F5827AC002F2ADA /* CommentDemo */ = {
			isa = PBXGroup;
			children = (
				7F13C4A61F5827E3002F2ADA /* BulletManager.h */,
				7F13C4A71F5827E3002F2ADA /* BulletManager.m */,
				7F13C4A81F5827E3002F2ADA /* BulletView.h */,
				7F13C4A91F5827E3002F2ADA /* BulletView.m */,
				7F13C4941F5827AC002F2ADA /* AppDelegate.h */,
				7F13C4951F5827AC002F2ADA /* AppDelegate.m */,
				7F13C4971F5827AC002F2ADA /* ViewController.h */,
				7F13C4981F5827AC002F2ADA /* ViewController.m */,
				7F13C49A1F5827AC002F2ADA /* Main.storyboard */,
				7F13C49D1F5827AC002F2ADA /* Assets.xcassets */,
				7F13C49F1F5827AC002F2ADA /* LaunchScreen.storyboard */,
				7F13C4A21F5827AC002F2ADA /* Info.plist */,
				7F13C4911F5827AC002F2ADA /* Supporting Files */,
			);
			path = CommentDemo;
			sourceTree = "<group>";
		};
		7F13C4911F5827AC002F2ADA /* Supporting Files */ = {
			isa = PBXGroup;
			children = (
				7F13C4921F5827AC002F2ADA /* main.m */,
			);
			name = "Supporting Files";
			sourceTree = "<group>";
		};
/* End PBXGroup section */

/* Begin PBXNativeTarget section */
		7F13C4701F582798002F2ADA /* ObjcCode */ = {
			isa = PBXNativeTarget;
			buildConfigurationList = 7F13C4881F582798002F2ADA /* Build configuration list for PBXNativeTarget "ObjcCode" */;
			buildPhases = (
				7F13C46D1F582798002F2ADA /* Sources */,
				7F13C46E1F582798002F2ADA /* Frameworks */,
				7F13C46F1F582798002F2ADA /* Resources */,
			);
			buildRules = (
			);
			dependencies = (
			);
			name = ObjcCode;
			productName = ObjcCode;
			productReference = 7F13C4711F582798002F2ADA /* ObjcCode.app */;
			productType = "com.apple.product-type.application";
		};
		7F13C48E1F5827AC002F2ADA /* CommentDemo */ = {
			isa = PBXNativeTarget;
			buildConfigurationList = 7F13C4A31F5827AC002F2ADA /* Build configuration list for PBXNativeTarget "CommentDemo" */;
			buildPhases = (
				7F13C48B1F5827AC002F2ADA /* Sources */,
				7F13C48C1F5827AC002F2ADA /* Frameworks */,
				7F13C48D1F5827AC002F2ADA /* Resources */,
			);
			buildRules = (
			);
			dependencies = (
			);
			name = CommentDemo;
			productName = CommentDemo;
			productReference = 7F13C48F1F5827AC002F2ADA /* CommentDemo.app */;
			productType = "com.apple.product-type.application";
		};
/* End PBXNativeTarget section */

/* Begin PBXProject section */
		7F13C4691F582798002F2ADA /* Project object */ = {
			isa = PBXProject;
			attributes = {
				LastUpgradeCheck = 0830;
				ORGANIZATIONNAME = "巴糖";
				TargetAttributes = {
					7F13C4701F582798002F2ADA = {
						CreatedOnToolsVersion = 8.3.3;
						ProvisioningStyle = Automatic;
					};
					7F13C48E1F5827AC002F2ADA = {
						CreatedOnToolsVersion = 8.3.3;
						ProvisioningStyle = Automatic;
					};
				};
			};
			buildConfigurationList = 7F13C46C1F582798002F2ADA /* Build configuration list for PBXProject "ObjcCode" */;
			compatibilityVersion = "Xcode 3.2";
			developmentRegion = English;
			hasScannedForEncodings = 0;
			knownRegions = (
				en,
				Base,
			);
			mainGroup = 7F13C4681F582798002F2ADA;
			productRefGroup = 7F13C4721F582798002F2ADA /* Products */;
			projectDirPath = "";
			projectRoot = "";
			targets = (
				7F13C4701F582798002F2ADA /* ObjcCode */,
				7F13C48E1F5827AC002F2ADA /* CommentDemo */,
			);
		};
/* End PBXProject section */

/* Begin PBXResourcesBuildPhase section */
		7F13C46F1F582798002F2ADA /* Resources */ = {
			isa = PBXResourcesBuildPhase;
			buildActionMask = 2147483647;
			files = (
				7F13C4841F582798002F2ADA /* LaunchScreen.storyboard in Resources */,
				7F13C4811F582798002F2ADA /* Assets.xcassets in Resources */,
				7F13C47F1F582798002F2ADA /* Main.storyboard in Resources */,
			);
			runOnlyForDeploymentPostprocessing = 0;
		};
		7F13C48D1F5827AC002F2ADA /* Resources */ = {
			isa = PBXResourcesBuildPhase;
			buildActionMask = 2147483647;
			files = (
				7F13C4A11F5827AC002F2ADA /* LaunchScreen.storyboard in Resources */,
				7F13C49E1F5827AC002F2ADA /* Assets.xcassets in Resources */,
				7F13C49C1F5827AC002F2ADA /* Main.storyboard in Resources */,
			);
			runOnlyForDeploymentPostprocessing = 0;
		};
/* End PBXResourcesBuildPhase section */

/* Begin PBXSourcesBuildPhase section */
		7F13C46D1F582798002F2ADA /* Sources */ = {
			isa = PBXSourcesBuildPhase;
			buildActionMask = 2147483647;
			files = (
				7F13C47C1F582798002F2ADA /* ViewController.m in Sources */,
				7F13C4791F582798002F2ADA /* AppDelegate.m in Sources */,
				7F13C4761F582798002F2ADA /* main.m in Sources */,
			);
			runOnlyForDeploymentPostprocessing = 0;
		};
		7F13C48B1F5827AC002F2ADA /* Sources */ = {
			isa = PBXSourcesBuildPhase;
			buildActionMask = 2147483647;
			files = (
				7F13C4991F5827AC002F2ADA /* ViewController.m in Sources */,
				7F13C4AA1F5827E3002F2ADA /* BulletManager.m in Sources */,
				7F13C4961F5827AC002F2ADA /* AppDelegate.m in Sources */,
				7F13C4AB1F5827E3002F2ADA /* BulletView.m in Sources */,
				7F13C4931F5827AC002F2ADA /* main.m in Sources */,
			);
			runOnlyForDeploymentPostprocessing = 0;
		};
/* End PBXSourcesBuildPhase section */

/* Begin PBXVariantGroup section */
		7F13C47D1F582798002F2ADA /* Main.storyboard */ = {
			isa = PBXVariantGroup;
			children = (
				7F13C47E1F582798002F2ADA /* Base */,
			);
			name = Main.storyboard;
			sourceTree = "<group>";
		};
		7F13C4821F582798002F2ADA /* LaunchScreen.storyboard */ = {
			isa = PBXVariantGroup;
			children = (
				7F13C4831F582798002F2ADA /* Base */,
			);
			name = LaunchScreen.storyboard;
			sourceTree = "<group>";
		};
		7F13C49A1F5827AC002F2ADA /* Main.storyboard */ = {
			isa = PBXVariantGroup;
			children = (
				7F13C49B1F5827AC002F2ADA /* Base */,
			);
			name = Main.storyboard;
			sourceTree = "<group>";
		};
		7F13C49F1F5827AC002F2ADA /* LaunchScreen.storyboard */ = {
			isa = PBXVariantGroup;
			children = (
				7F13C4A01F5827AC002F2ADA /* Base */,
			);
			name = LaunchScreen.storyboard;
			sourceTree = "<group>";
		};
/* End PBXVariantGroup section */

/* Begin XCBuildConfiguration section */
		7F13C4861F582798002F2ADA /* Debug */ = {
			isa = XCBuildConfiguration;
			buildSettings = {
				ALWAYS_SEARCH_USER_PATHS = NO;
				CLANG_ANALYZER_NONNULL = YES;
				CLANG_ANALYZER_NUMBER_OBJECT_CONVERSION = YES_AGGRESSIVE;
				CLANG_CXX_LANGUAGE_STANDARD = "gnu++0x";
				CLANG_CXX_LIBRARY = "libc++";
				CLANG_ENABLE_MODULES = YES;
				CLANG_ENABLE_OBJC_ARC = YES;
				CLANG_WARN_BOOL_CONVERSION = YES;
				CLANG_WARN_CONSTANT_CONVERSION = YES;
				CLANG_WARN_DIRECT_OBJC_ISA_USAGE = YES_ERROR;
				CLANG_WARN_DOCUMENTATION_COMMENTS = YES;
				CLANG_WARN_EMPTY_BODY = YES;
				CLANG_WARN_ENUM_CONVERSION = YES;
				CLANG_WARN_INFINITE_RECURSION = YES;
				CLANG_WARN_INT_CONVERSION = YES;
				CLANG_WARN_OBJC_ROOT_CLASS = YES_ERROR;
				CLANG_WARN_SUSPICIOUS_MOVE = YES;
				CLANG_WARN_UNREACHABLE_CODE = YES;
				CLANG_WARN__DUPLICATE_METHOD_MATCH = YES;
				"CODE_SIGN_IDENTITY[sdk=iphoneos*]" = "iPhone Developer";
				COPY_PHASE_STRIP = NO;
				DEBUG_INFORMATION_FORMAT = dwarf;
				ENABLE_STRICT_OBJC_MSGSEND = YES;
				ENABLE_TESTABILITY = YES;
				GCC_C_LANGUAGE_STANDARD = gnu99;
				GCC_DYNAMIC_NO_PIC = NO;
				GCC_NO_COMMON_BLOCKS = YES;
				GCC_OPTIMIZATION_LEVEL = 0;
				GCC_PREPROCESSOR_DEFINITIONS = (
					"DEBUG=1",
					"$(inherited)",
				);
				GCC_WARN_64_TO_32_BIT_CONVERSION = YES;
				GCC_WARN_ABOUT_RETURN_TYPE = YES_ERROR;
				GCC_WARN_UNDECLARED_SELECTOR = YES;
				GCC_WARN_UNINITIALIZED_AUTOS = YES_AGGRESSIVE;
				GCC_WARN_UNUSED_FUNCTION = YES;
				GCC_WARN_UNUSED_VARIABLE = YES;
				IPHONEOS_DEPLOYMENT_TARGET = 10.3;
				MTL_ENABLE_DEBUG_INFO = YES;
				ONLY_ACTIVE_ARCH = YES;
				SDKROOT = iphoneos;
				TARGETED_DEVICE_FAMILY = "1,2";
			};
			name = Debug;
		};
		7F13C4871F582798002F2ADA /* Release */ = {
			isa = XCBuildConfiguration;
			buildSettings = {
				ALWAYS_SEARCH_USER_PATHS = NO;
				CLANG_ANALYZER_NONNULL = YES;
				CLANG_ANALYZER_NUMBER_OBJECT_CONVERSION = YES_AGGRESSIVE;
				CLANG_CXX_LANGUAGE_STANDARD = "gnu++0x";
				CLANG_CXX_LIBRARY = "libc++";
				CLANG_ENABLE_MODULES = YES;
				CLANG_ENABLE_OBJC_ARC = YES;
				CLANG_WARN_BOOL_CONVERSION = YES;
				CLANG_WARN_CONSTANT_CONVERSION = YES;
				CLANG_WARN_DIRECT_OBJC_ISA_USAGE = YES_ERROR;
				CLANG_WARN_DOCUMENTATION_COMMENTS = YES;
				CLANG_WARN_EMPTY_BODY = YES;
				CLANG_WARN_ENUM_CONVERSION = YES;
				CLANG_WARN_INFINITE_RECURSION = YES;
				CLANG_WARN_INT_CONVERSION = YES;
				CLANG_WARN_OBJC_ROOT_CLASS = YES_ERROR;
				CLANG_WARN_SUSPICIOUS_MOVE = YES;
				CLANG_WARN_UNREACHABLE_CODE = YES;
				CLANG_WARN__DUPLICATE_METHOD_MATCH = YES;
				"CODE_SIGN_IDENTITY[sdk=iphoneos*]" = "iPhone Developer";
				COPY_PHASE_STRIP = NO;
				DEBUG_INFORMATION_FORMAT = "dwarf-with-dsym";
				ENABLE_NS_ASSERTIONS = NO;
				ENABLE_STRICT_OBJC_MSGSEND = YES;
				GCC_C_LANGUAGE_STANDARD = gnu99;
				GCC_NO_COMMON_BLOCKS = YES;
				GCC_WARN_64_TO_32_BIT_CONVERSION = YES;
				GCC_WARN_ABOUT_RETURN_TYPE = YES_ERROR;
				GCC_WARN_UNDECLARED_SELECTOR = YES;
				GCC_WARN_UNINITIALIZED_AUTOS = YES_AGGRESSIVE;
				GCC_WARN_UNUSED_FUNCTION = YES;
				GCC_WARN_UNUSED_VARIABLE = YES;
				IPHONEOS_DEPLOYMENT_TARGET = 10.3;
				MTL_ENABLE_DEBUG_INFO = NO;
				SDKROOT = iphoneos;
				TARGETED_DEVICE_FAMILY = "1,2";
				VALIDATE_PRODUCT = YES;
			};
			name = Release;
		};
		7F13C4891F582798002F2ADA /* Debug */ = {
			isa = XCBuildConfiguration;
			buildSettings = {
				ASSETCATALOG_COMPILER_APPICON_NAME = AppIcon;
				INFOPLIST_FILE = ObjcCode/Info.plist;
				LD_RUNPATH_SEARCH_PATHS = "$(inherited) @executable_path/Frameworks";
				PRODUCT_BUNDLE_IDENTIFIER = com.wxpasta.com.ObjcCode;
				PRODUCT_NAME = "$(TARGET_NAME)";
			};
			name = Debug;
		};
		7F13C48A1F582798002F2ADA /* Release */ = {
			isa = XCBuildConfiguration;
			buildSettings = {
				ASSETCATALOG_COMPILER_APPICON_NAME = AppIcon;
				INFOPLIST_FILE = ObjcCode/Info.plist;
				LD_RUNPATH_SEARCH_PATHS = "$(inherited) @executable_path/Frameworks";
				PRODUCT_BUNDLE_IDENTIFIER = com.wxpasta.com.ObjcCode;
				PRODUCT_NAME = "$(TARGET_NAME)";
			};
			name = Release;
		};
		7F13C4A41F5827AC002F2ADA /* Debug */ = {
			isa = XCBuildConfiguration;
			buildSettings = {
				ASSETCATALOG_COMPILER_APPICON_NAME = AppIcon;
				INFOPLIST_FILE = CommentDemo/Info.plist;
				LD_RUNPATH_SEARCH_PATHS = "$(inherited) @executable_path/Frameworks";
				PRODUCT_BUNDLE_IDENTIFIER = com.wxpasta.com.CommentDemo;
				PRODUCT_NAME = "$(TARGET_NAME)";
			};
			name = Debug;
		};
		7F13C4A51F5827AC002F2ADA /* Release */ = {
			isa = XCBuildConfiguration;
			buildSettings = {
				ASSETCATALOG_COMPILER_APPICON_NAME = AppIcon;
				INFOPLIST_FILE = CommentDemo/Info.plist;
				LD_RUNPATH_SEARCH_PATHS = "$(inherited) @executable_path/Frameworks";
				PRODUCT_BUNDLE_IDENTIFIER = com.wxpasta.com.CommentDemo;
				PRODUCT_NAME = "$(TARGET_NAME)";
			};
			name = Release;
		};
/* End XCBuildConfiguration section */

/* Begin XCConfigurationList section */
		7F13C46C1F582798002F2ADA /* Build configuration list for PBXProject "ObjcCode" */ = {
			isa = XCConfigurationList;
			buildConfigurations = (
				7F13C4861F582798002F2ADA /* Debug */,
				7F13C4871F582798002F2ADA /* Release */,
			);
			defaultConfigurationIsVisible = 0;
			defaultConfigurationName = Release;
		};
		7F13C4881F582798002F2ADA /* Build configuration list for PBXNativeTarget "ObjcCode" */ = {
			isa = XCConfigurationList;
			buildConfigurations = (
				7F13C4891F582798002F2ADA /* Debug */,
				7F13C48A1F582798002F2ADA /* Release */,
			);
			defaultConfigurationIsVisible = 0;
		};
		7F13C4A31F5827AC002F2ADA /* Build configuration list for PBXNativeTarget "CommentDemo" */ = {
			isa = XCConfigurationList;
			buildConfigurations = (
				7F13C4A41F5827AC002F2ADA /* Debug */,
				7F13C4A51F5827AC002F2ADA /* Release */,
			);
			defaultConfigurationIsVisible = 0;
		};
/* End XCConfigurationList section */
	};
	rootObject = 7F13C4691F582798002F2ADA /* Project object */;
}
